hash: 2e9bdd44c4db02227dbf4a24913c7d8935c057601afb073757d0804b84e70fb1
updated: 2018-07-11T10:55:42.256233851+02:00
imports:
- name: golang.org/x/net
  version: 039a4258aec0ad3c79b905677cceeab13b296a77
  subpackages:
  - publicsuffix
- name: gopkg.in/resty.v1
  version: fccc498aed22c31ff3768bcac00795f94149a21d
testImports: []
